
Microsoft Visual Studio Solution File, Format Version 12.00
# Visual Studio Version 16
VisualStudioVersion = 16.0.30114.105
MinimumVisualStudioVersion = 10.0.40219.1
Project("{2150E333-8FDC-42A3-9474-1A3956D46DE8}") = "Scheduler", "Scheduler", "{AB066262-7224-4477-B764-3676ED331FE7}"
EndProject
Project("{2150E333-8FDC-42A3-9474-1A3956D46DE8}") = "Viewer", "Viewer", "{86F28F9B-FE8B-43CE-93BD-48300F918EAE}"
EndProject
Project("{2150E333-8FDC-42A3-9474-1A3956D46DE8}") = "FrontEnd", "FrontEnd", "{5B6906D1-4FB2-4CA3-8093-C7D41CE1BBBF}"
EndProject
Project("{2150E333-8FDC-42A3-9474-1A3956D46DE8}") = "Web", "Web", "{CEFF8861-A545-435D-AF4F-062AA5D3C085}"
EndProject
Project("{2150E333-8FDC-42A3-9474-1A3956D46DE8}") = "Web", "Web", "{887BD54E-25C5-428C-A5F4-407FB8FDFC08}"
EndProject
Project("{2150E333-8FDC-42A3-9474-1A3956D46DE8}") = "Web", "Web", "{255F2F3D-528D-4608-8E77-4DE296F23F40}"
EndProject
Project("{FAE04EC0-301F-11D3-BF4B-00C04F79EFBC}") = "Calendar.AgendaViewer.WebApi", "agenda-viewer\Calendar.AgendaViewer.WebApi\Calendar.AgendaViewer.WebApi.csproj", "{B751E18A-55EA-4C5D-B222-ED0A6065E86F}"
EndProject
Project("{FAE04EC0-301F-11D3-BF4B-00C04F79EFBC}") = "Calendar.AgendaScheduler.WebApi", "agenda-scheduler\Calendar.AgendaScheduler.WebApi\Calendar.AgendaScheduler.WebApi.csproj", "{438E07EE-2547-438F-BC32-E10D42B3A9BB}"
EndProject
Project("{FAE04EC0-301F-11D3-BF4B-00C04F79EFBC}") = "Calendar.WebApp", "front-end\Calendar.WebApp\Calendar.WebApp.csproj", "{FCBB3260-1CC1-432B-BB79-BF05505340C5}"
EndProject
Project("{2150E333-8FDC-42A3-9474-1A3956D46DE8}") = "DataAccess", "DataAccess", "{0085F627-A276-44E8-9646-3709B2A524C8}"
EndProject
Project("{2150E333-8FDC-42A3-9474-1A3956D46DE8}") = "Domain", "Domain", "{FB4A742A-1981-4C3B-B28F-E5E759495A1C}"
EndProject
Project("{FAE04EC0-301F-11D3-BF4B-00C04F79EFBC}") = "Calendar.AgendaViewer.DataAccess.Contracts", "agenda-viewer\Calendar.AgendaViewer.DataAccess.Contracts\Calendar.AgendaViewer.DataAccess.Contracts.csproj", "{E83A5380-FC93-44BB-8BDA-327907F6B9D6}"
EndProject
Project("{FAE04EC0-301F-11D3-BF4B-00C04F79EFBC}") = "Calendar.AgendaViewer.DataAccess.Redis", "agenda-viewer\Calendar.AgendaViewer.DataAccess.Redis\Calendar.AgendaViewer.DataAccess.Redis.csproj", "{2773F620-7180-4728-ACBB-E483ADB9F7CA}"
EndProject
Project("{FAE04EC0-301F-11D3-BF4B-00C04F79EFBC}") = "Calendar.AgendaViewer.Domain", "agenda-viewer\Calendar.AgendaViewer.Domain\Calendar.AgendaViewer.Domain.csproj", "{5864B883-846C-43D2-B549-962F6D9B9C5C}"
EndProject
Project("{2150E333-8FDC-42A3-9474-1A3956D46DE8}") = "Common", "Common", "{C8766516-3788-4E58-902F-39BC5355311B}"
EndProject
Project("{FAE04EC0-301F-11D3-BF4B-00C04F79EFBC}") = "Calendar.Agenda.Domain.Entities", "common\Calendar.Agenda.Domain.Entities\Calendar.Agenda.Domain.Entities.csproj", "{B4483602-147E-4F29-B8B4-362D1FA49457}"
EndProject
Project("{FAE04EC0-301F-11D3-BF4B-00C04F79EFBC}") = "Calendar.AgendaViewer.Client", "common\Calendar.AgendaViewer.Client\Calendar.AgendaViewer.Client.csproj", "{B11ADB23-BFCA-4EE4-8D20-FD7D249D6264}"
EndProject
Project("{FAE04EC0-301F-11D3-BF4B-00C04F79EFBC}") = "Calendar.Client.Configuration.Extensions", "common\Calendar.Client.Configuration.Extensions\Calendar.Client.Configuration.Extensions.csproj", "{576F01F6-D0F5-44E1-A218-74B7AEAB218C}"
EndProject
Project("{FAE04EC0-301F-11D3-BF4B-00C04F79EFBC}") = "Calendar.AgendaScheduler.Client", "common\Calendar.AgendaScheduler.Client\Calendar.AgendaScheduler.Client.csproj", "{A40260AA-E422-4CBD-B338-7F186FC77B44}"
EndProject
Project("{2150E333-8FDC-42A3-9474-1A3956D46DE8}") = "Domain", "Domain", "{F3DF8ECE-19A6-449F-8E30-0C6867835C89}"
EndProject
Project("{FAE04EC0-301F-11D3-BF4B-00C04F79EFBC}") = "Calendar.WebApp.Domain", "front-end\Calendar.WebApp.Domain\Calendar.WebApp.Domain.csproj", "{72B9A6DC-1F3F-4805-83BE-5F276D2E763B}"
EndProject
Project("{FAE04EC0-301F-11D3-BF4B-00C04F79EFBC}") = "Calendar.WebApp.Domain.Interfaces", "front-end\Calendar.WebApp.Domain.Interfaces\Calendar.WebApp.Domain.Interfaces.csproj", "{FAC358B9-081D-42C9-8F18-1AE93A5E80C1}"
EndProject
Project("{2150E333-8FDC-42A3-9474-1A3956D46DE8}") = "DataAccess", "DataAccess", "{9CDFB1F4-0037-4F64-A77B-8DC8B4044641}"
EndProject
Project("{2150E333-8FDC-42A3-9474-1A3956D46DE8}") = "Domain", "Domain", "{E21060CF-6645-49B2-BAF3-F6CA0EC4D94B}"
EndProject
Project("{FAE04EC0-301F-11D3-BF4B-00C04F79EFBC}") = "Calendar.AgendaScheduler.Domain", "agenda-scheduler\Calendar.AgendaScheduler.Domain\Calendar.AgendaScheduler.Domain.csproj", "{456E5940-C170-4B3D-B567-E153CC42C5CE}"
EndProject
Project("{FAE04EC0-301F-11D3-BF4B-00C04F79EFBC}") = "Calendar.AgendaScheduler.Domain.Interfaces", "agenda-scheduler\Calendar.AgendaScheduler.Domain.Interfaces\Calendar.AgendaScheduler.Domain.Interfaces.csproj", "{32634E3F-8DEF-4183-AE72-9B2C63FE9E7C}"
EndProject
Project("{FAE04EC0-301F-11D3-BF4B-00C04F79EFBC}") = "Calendar.AgendaScheduler.DataAccess.Kafka", "agenda-scheduler\Calendar.AgendaScheduler.DataAccess.Kafka\Calendar.AgendaScheduler.DataAccess.Kafka.csproj", "{11B941FC-D6E8-40C1-9106-1423B5E7A639}"
EndProject
Project("{FAE04EC0-301F-11D3-BF4B-00C04F79EFBC}") = "Calendar.AgendaScheduler.DataAccess.MongoDb", "agenda-scheduler\Calendar.AgendaScheduler.DataAccess.MongoDb\Calendar.AgendaScheduler.DataAccess.MongoDb.csproj", "{944717E4-E80A-41A5-B930-6758AB95188C}"
EndProject
Project("{FAE04EC0-301F-11D3-BF4B-00C04F79EFBC}") = "Calendar.AgendaScheduler.DataAccess.Interfaces", "agenda-scheduler\Calendar.AgendaScheduler.DataAccess.Interfaces\Calendar.AgendaScheduler.DataAccess.Interfaces.csproj", "{F61DC067-275E-424B-A9DC-F46A7CCDA000}"
EndProject
Project("{FAE04EC0-301F-11D3-BF4B-00C04F79EFBC}") = "Calendar.AgendaScheduler.Domain.Entities", "agenda-scheduler\Calendar.AgendaScheduler.Domain.Entities\Calendar.AgendaScheduler.Domain.Entities.csproj", "{33F7597B-0A05-41E2-8219-227D2CDFD1B0}"
EndProject
Project("{FAE04EC0-301F-11D3-BF4B-00C04F79EFBC}") = "Calendar.Kafka.Abstractions", "common\Calendar.Kafka.Abstractions\Calendar.Kafka.Abstractions.csproj", "{E13E711F-343C-40D8-978F-C5F53589B85B}"
EndProject
Project("{FAE04EC0-301F-11D3-BF4B-00C04F79EFBC}") = "Calendar.Kafka.Configuration.Extensions", "common\Calendar.Kafka.Configuration.Extensions\Calendar.Kafka.Configuration.Extensions.csproj", "{A103858C-F49F-45B3-86FE-328805513FC9}"
EndProject
Global
	GlobalSection(SolutionConfigurationPlatforms) = preSolution
		Debug|Any CPU = Debug|Any CPU
		Release|Any CPU = Release|Any CPU
	EndGlobalSection
	GlobalSection(SolutionProperties) = preSolution
		HideSolutionNode = FALSE
	EndGlobalSection
	GlobalSection(ProjectConfigurationPlatforms) = postSolution
		{B751E18A-55EA-4C5D-B222-ED0A6065E86F}.Debug|Any CPU.ActiveCfg = Debug|Any CPU
		{B751E18A-55EA-4C5D-B222-ED0A6065E86F}.Debug|Any CPU.Build.0 = Debug|Any CPU
		{B751E18A-55EA-4C5D-B222-ED0A6065E86F}.Release|Any CPU.ActiveCfg = Release|Any CPU
		{B751E18A-55EA-4C5D-B222-ED0A6065E86F}.Release|Any CPU.Build.0 = Release|Any CPU
		{438E07EE-2547-438F-BC32-E10D42B3A9BB}.Debug|Any CPU.ActiveCfg = Debug|Any CPU
		{438E07EE-2547-438F-BC32-E10D42B3A9BB}.Debug|Any CPU.Build.0 = Debug|Any CPU
		{438E07EE-2547-438F-BC32-E10D42B3A9BB}.Release|Any CPU.ActiveCfg = Release|Any CPU
		{438E07EE-2547-438F-BC32-E10D42B3A9BB}.Release|Any CPU.Build.0 = Release|Any CPU
		{FCBB3260-1CC1-432B-BB79-BF05505340C5}.Debug|Any CPU.ActiveCfg = Debug|Any CPU
		{FCBB3260-1CC1-432B-BB79-BF05505340C5}.Debug|Any CPU.Build.0 = Debug|Any CPU
		{FCBB3260-1CC1-432B-BB79-BF05505340C5}.Release|Any CPU.ActiveCfg = Release|Any CPU
		{FCBB3260-1CC1-432B-BB79-BF05505340C5}.Release|Any CPU.Build.0 = Release|Any CPU
		{E83A5380-FC93-44BB-8BDA-327907F6B9D6}.Debug|Any CPU.ActiveCfg = Debug|Any CPU
		{E83A5380-FC93-44BB-8BDA-327907F6B9D6}.Debug|Any CPU.Build.0 = Debug|Any CPU
		{E83A5380-FC93-44BB-8BDA-327907F6B9D6}.Release|Any CPU.ActiveCfg = Release|Any CPU
		{E83A5380-FC93-44BB-8BDA-327907F6B9D6}.Release|Any CPU.Build.0 = Release|Any CPU
		{2773F620-7180-4728-ACBB-E483ADB9F7CA}.Debug|Any CPU.ActiveCfg = Debug|Any CPU
		{2773F620-7180-4728-ACBB-E483ADB9F7CA}.Debug|Any CPU.Build.0 = Debug|Any CPU
		{2773F620-7180-4728-ACBB-E483ADB9F7CA}.Release|Any CPU.ActiveCfg = Release|Any CPU
		{2773F620-7180-4728-ACBB-E483ADB9F7CA}.Release|Any CPU.Build.0 = Release|Any CPU
		{5864B883-846C-43D2-B549-962F6D9B9C5C}.Debug|Any CPU.ActiveCfg = Debug|Any CPU
		{5864B883-846C-43D2-B549-962F6D9B9C5C}.Debug|Any CPU.Build.0 = Debug|Any CPU
		{5864B883-846C-43D2-B549-962F6D9B9C5C}.Release|Any CPU.ActiveCfg = Release|Any CPU
		{5864B883-846C-43D2-B549-962F6D9B9C5C}.Release|Any CPU.Build.0 = Release|Any CPU
		{B4483602-147E-4F29-B8B4-362D1FA49457}.Debug|Any CPU.ActiveCfg = Debug|Any CPU
		{B4483602-147E-4F29-B8B4-362D1FA49457}.Debug|Any CPU.Build.0 = Debug|Any CPU
		{B4483602-147E-4F29-B8B4-362D1FA49457}.Release|Any CPU.ActiveCfg = Release|Any CPU
		{B4483602-147E-4F29-B8B4-362D1FA49457}.Release|Any CPU.Build.0 = Release|Any CPU
		{B11ADB23-BFCA-4EE4-8D20-FD7D249D6264}.Debug|Any CPU.ActiveCfg = Debug|Any CPU
		{B11ADB23-BFCA-4EE4-8D20-FD7D249D6264}.Debug|Any CPU.Build.0 = Debug|Any CPU
		{B11ADB23-BFCA-4EE4-8D20-FD7D249D6264}.Release|Any CPU.ActiveCfg = Release|Any CPU
		{B11ADB23-BFCA-4EE4-8D20-FD7D249D6264}.Release|Any CPU.Build.0 = Release|Any CPU
		{576F01F6-D0F5-44E1-A218-74B7AEAB218C}.Debug|Any CPU.ActiveCfg = Debug|Any CPU
		{576F01F6-D0F5-44E1-A218-74B7AEAB218C}.Debug|Any CPU.Build.0 = Debug|Any CPU
		{576F01F6-D0F5-44E1-A218-74B7AEAB218C}.Release|Any CPU.ActiveCfg = Release|Any CPU
		{576F01F6-D0F5-44E1-A218-74B7AEAB218C}.Release|Any CPU.Build.0 = Release|Any CPU
		{A40260AA-E422-4CBD-B338-7F186FC77B44}.Debug|Any CPU.ActiveCfg = Debug|Any CPU
		{A40260AA-E422-4CBD-B338-7F186FC77B44}.Debug|Any CPU.Build.0 = Debug|Any CPU
		{A40260AA-E422-4CBD-B338-7F186FC77B44}.Release|Any CPU.ActiveCfg = Release|Any CPU
		{A40260AA-E422-4CBD-B338-7F186FC77B44}.Release|Any CPU.Build.0 = Release|Any CPU
		{72B9A6DC-1F3F-4805-83BE-5F276D2E763B}.Debug|Any CPU.ActiveCfg = Debug|Any CPU
		{72B9A6DC-1F3F-4805-83BE-5F276D2E763B}.Debug|Any CPU.Build.0 = Debug|Any CPU
		{72B9A6DC-1F3F-4805-83BE-5F276D2E763B}.Release|Any CPU.ActiveCfg = Release|Any CPU
		{72B9A6DC-1F3F-4805-83BE-5F276D2E763B}.Release|Any CPU.Build.0 = Release|Any CPU
		{FAC358B9-081D-42C9-8F18-1AE93A5E80C1}.Debug|Any CPU.ActiveCfg = Debug|Any CPU
		{FAC358B9-081D-42C9-8F18-1AE93A5E80C1}.Debug|Any CPU.Build.0 = Debug|Any CPU
		{FAC358B9-081D-42C9-8F18-1AE93A5E80C1}.Release|Any CPU.ActiveCfg = Release|Any CPU
		{FAC358B9-081D-42C9-8F18-1AE93A5E80C1}.Release|Any CPU.Build.0 = Release|Any CPU
		{456E5940-C170-4B3D-B567-E153CC42C5CE}.Debug|Any CPU.ActiveCfg = Debug|Any CPU
		{456E5940-C170-4B3D-B567-E153CC42C5CE}.Debug|Any CPU.Build.0 = Debug|Any CPU
		{456E5940-C170-4B3D-B567-E153CC42C5CE}.Release|Any CPU.ActiveCfg = Release|Any CPU
		{456E5940-C170-4B3D-B567-E153CC42C5CE}.Release|Any CPU.Build.0 = Release|Any CPU
		{32634E3F-8DEF-4183-AE72-9B2C63FE9E7C}.Debug|Any CPU.ActiveCfg = Debug|Any CPU
		{32634E3F-8DEF-4183-AE72-9B2C63FE9E7C}.Debug|Any CPU.Build.0 = Debug|Any CPU
		{32634E3F-8DEF-4183-AE72-9B2C63FE9E7C}.Release|Any CPU.ActiveCfg = Release|Any CPU
		{32634E3F-8DEF-4183-AE72-9B2C63FE9E7C}.Release|Any CPU.Build.0 = Release|Any CPU
		{11B941FC-D6E8-40C1-9106-1423B5E7A639}.Debug|Any CPU.ActiveCfg = Debug|Any CPU
		{11B941FC-D6E8-40C1-9106-1423B5E7A639}.Debug|Any CPU.Build.0 = Debug|Any CPU
		{11B941FC-D6E8-40C1-9106-1423B5E7A639}.Release|Any CPU.ActiveCfg = Release|Any CPU
		{11B941FC-D6E8-40C1-9106-1423B5E7A639}.Release|Any CPU.Build.0 = Release|Any CPU
		{944717E4-E80A-41A5-B930-6758AB95188C}.Debug|Any CPU.ActiveCfg = Debug|Any CPU
		{944717E4-E80A-41A5-B930-6758AB95188C}.Debug|Any CPU.Build.0 = Debug|Any CPU
		{944717E4-E80A-41A5-B930-6758AB95188C}.Release|Any CPU.ActiveCfg = Release|Any CPU
		{944717E4-E80A-41A5-B930-6758AB95188C}.Release|Any CPU.Build.0 = Release|Any CPU
		{F61DC067-275E-424B-A9DC-F46A7CCDA000}.Debug|Any CPU.ActiveCfg = Debug|Any CPU
		{F61DC067-275E-424B-A9DC-F46A7CCDA000}.Debug|Any CPU.Build.0 = Debug|Any CPU
		{F61DC067-275E-424B-A9DC-F46A7CCDA000}.Release|Any CPU.ActiveCfg = Release|Any CPU
		{F61DC067-275E-424B-A9DC-F46A7CCDA000}.Release|Any CPU.Build.0 = Release|Any CPU
		{33F7597B-0A05-41E2-8219-227D2CDFD1B0}.Debug|Any CPU.ActiveCfg = Debug|Any CPU
		{33F7597B-0A05-41E2-8219-227D2CDFD1B0}.Debug|Any CPU.Build.0 = Debug|Any CPU
		{33F7597B-0A05-41E2-8219-227D2CDFD1B0}.Release|Any CPU.ActiveCfg = Release|Any CPU
		{33F7597B-0A05-41E2-8219-227D2CDFD1B0}.Release|Any CPU.Build.0 = Release|Any CPU
		{E13E711F-343C-40D8-978F-C5F53589B85B}.Debug|Any CPU.ActiveCfg = Debug|Any CPU
		{E13E711F-343C-40D8-978F-C5F53589B85B}.Debug|Any CPU.Build.0 = Debug|Any CPU
		{E13E711F-343C-40D8-978F-C5F53589B85B}.Release|Any CPU.ActiveCfg = Release|Any CPU
		{E13E711F-343C-40D8-978F-C5F53589B85B}.Release|Any CPU.Build.0 = Release|Any CPU
		{A103858C-F49F-45B3-86FE-328805513FC9}.Debug|Any CPU.ActiveCfg = Debug|Any CPU
		{A103858C-F49F-45B3-86FE-328805513FC9}.Debug|Any CPU.Build.0 = Debug|Any CPU
		{A103858C-F49F-45B3-86FE-328805513FC9}.Release|Any CPU.ActiveCfg = Release|Any CPU
		{A103858C-F49F-45B3-86FE-328805513FC9}.Release|Any CPU.Build.0 = Release|Any CPU
	EndGlobalSection
	GlobalSection(NestedProjects) = preSolution
		{CEFF8861-A545-435D-AF4F-062AA5D3C085} = {5B6906D1-4FB2-4CA3-8093-C7D41CE1BBBF}
		{887BD54E-25C5-428C-A5F4-407FB8FDFC08} = {AB066262-7224-4477-B764-3676ED331FE7}
		{255F2F3D-528D-4608-8E77-4DE296F23F40} = {86F28F9B-FE8B-43CE-93BD-48300F918EAE}
		{B751E18A-55EA-4C5D-B222-ED0A6065E86F} = {255F2F3D-528D-4608-8E77-4DE296F23F40}
		{438E07EE-2547-438F-BC32-E10D42B3A9BB} = {887BD54E-25C5-428C-A5F4-407FB8FDFC08}
		{FCBB3260-1CC1-432B-BB79-BF05505340C5} = {CEFF8861-A545-435D-AF4F-062AA5D3C085}
		{0085F627-A276-44E8-9646-3709B2A524C8} = {86F28F9B-FE8B-43CE-93BD-48300F918EAE}
		{FB4A742A-1981-4C3B-B28F-E5E759495A1C} = {86F28F9B-FE8B-43CE-93BD-48300F918EAE}
		{E83A5380-FC93-44BB-8BDA-327907F6B9D6} = {0085F627-A276-44E8-9646-3709B2A524C8}
		{2773F620-7180-4728-ACBB-E483ADB9F7CA} = {0085F627-A276-44E8-9646-3709B2A524C8}
		{5864B883-846C-43D2-B549-962F6D9B9C5C} = {FB4A742A-1981-4C3B-B28F-E5E759495A1C}
		{B4483602-147E-4F29-B8B4-362D1FA49457} = {C8766516-3788-4E58-902F-39BC5355311B}
		{B11ADB23-BFCA-4EE4-8D20-FD7D249D6264} = {C8766516-3788-4E58-902F-39BC5355311B}
		{576F01F6-D0F5-44E1-A218-74B7AEAB218C} = {C8766516-3788-4E58-902F-39BC5355311B}
		{A40260AA-E422-4CBD-B338-7F186FC77B44} = {C8766516-3788-4E58-902F-39BC5355311B}
		{F3DF8ECE-19A6-449F-8E30-0C6867835C89} = {5B6906D1-4FB2-4CA3-8093-C7D41CE1BBBF}
		{72B9A6DC-1F3F-4805-83BE-5F276D2E763B} = {F3DF8ECE-19A6-449F-8E30-0C6867835C89}
		{FAC358B9-081D-42C9-8F18-1AE93A5E80C1} = {F3DF8ECE-19A6-449F-8E30-0C6867835C89}
		{9CDFB1F4-0037-4F64-A77B-8DC8B4044641} = {AB066262-7224-4477-B764-3676ED331FE7}
		{E21060CF-6645-49B2-BAF3-F6CA0EC4D94B} = {AB066262-7224-4477-B764-3676ED331FE7}
		{456E5940-C170-4B3D-B567-E153CC42C5CE} = {E21060CF-6645-49B2-BAF3-F6CA0EC4D94B}
		{32634E3F-8DEF-4183-AE72-9B2C63FE9E7C} = {E21060CF-6645-49B2-BAF3-F6CA0EC4D94B}
		{11B941FC-D6E8-40C1-9106-1423B5E7A639} = {9CDFB1F4-0037-4F64-A77B-8DC8B4044641}
		{944717E4-E80A-41A5-B930-6758AB95188C} = {9CDFB1F4-0037-4F64-A77B-8DC8B4044641}
		{F61DC067-275E-424B-A9DC-F46A7CCDA000} = {9CDFB1F4-0037-4F64-A77B-8DC8B4044641}
		{33F7597B-0A05-41E2-8219-227D2CDFD1B0} = {E21060CF-6645-49B2-BAF3-F6CA0EC4D94B}
		{E13E711F-343C-40D8-978F-C5F53589B85B} = {C8766516-3788-4E58-902F-39BC5355311B}
		{A103858C-F49F-45B3-86FE-328805513FC9} = {C8766516-3788-4E58-902F-39BC5355311B}
	EndGlobalSection
EndGlobal
